
Microsoft Visual Studio Solution File, Format Version 12.00
# Visual Studio 15
VisualStudioVersion = 15.0.28307.1231
MinimumVisualStudioVersion = 10.0.40219.1
Project("{FAE04EC0-301F-11D3-BF4B-00C04F79EFBC}") = "Technicalhomework4", "Technicalhomework4\Technicalhomework4.csproj", "{F25D25FB-0C8A-467F-97D7-DEB97699B6E7}"
EndProject
Global
	GlobalSection(SolutionConfigurationPlatforms) = preSolution
		Debug|Any CPU = Debug|Any CPU
		Release|Any CPU = Release|Any CPU
	EndGlobalSection
	GlobalSection(ProjectConfigurationPlatforms) = postSolution
		{F25D25FB-0C8A-467F-97D7-DEB97699B6E7}.Debug|Any CPU.ActiveCfg = Debug|Any CPU
		{F25D25FB-0C8A-467F-97D7-DEB97699B6E7}.Debug|Any CPU.Build.0 = Debug|Any CPU
		{F25D25FB-0C8A-467F-97D7-DEB97699B6E7}.Release|Any CPU.ActiveCfg = Release|Any CPU
		{F25D25FB-0C8A-467F-97D7-DEB97699B6E7}.Release|Any CPU.Build.0 = Release|Any CPU
	EndGlobalSection
	GlobalSection(SolutionProperties) = preSolution
		HideSolutionNode = FALSE
	EndGlobalSection
	GlobalSection(ExtensibilityGlobals) = postSolution
		SolutionGuid = {4C4896B8-EBA9-4A4B-9A5E-ED6EFF997F02}
	EndGlobalSection
EndGlobal
